
Microsoft Visual Studio Solution File, Format Version 12.00
# Visual Studio Version 16
VisualStudioVersion = 16.0.31624.102
MinimumVisualStudioVersion = 10.0.40219.1
Project("{FAE04EC0-301F-11D3-BF4B-00C04F79EFBC}") = "Final_Assignement", "Final_Assignement.csproj", "{66E3B737-4988-46BE-A0CC-50F5801F31EE}"
EndProject
Global
	GlobalSection(SolutionConfigurationPlatforms) = preSolution
		Debug|Any CPU = Debug|Any CPU
		Release|Any CPU = Release|Any CPU
	EndGlobalSection
	GlobalSection(ProjectConfigurationPlatforms) = postSolution
		{66E3B737-4988-46BE-A0CC-50F5801F31EE}.Debug|Any CPU.ActiveCfg = Debug|Any CPU
		{66E3B737-4988-46BE-A0CC-50F5801F31EE}.Debug|Any CPU.Build.0 = Debug|Any CPU
		{66E3B737-4988-46BE-A0CC-50F5801F31EE}.Release|Any CPU.ActiveCfg = Release|Any CPU
		{66E3B737-4988-46BE-A0CC-50F5801F31EE}.Release|Any CPU.Build.0 = Release|Any CPU
	EndGlobalSection
	GlobalSection(SolutionProperties) = preSolution
		HideSolutionNode = FALSE
	EndGlobalSection
	GlobalSection(ExtensibilityGlobals) = postSolution
		SolutionGuid = {DD0C0686-7DEB-4104-85A6-FB104EF15E6C}
	EndGlobalSection
EndGlobal
